
Microsoft Visual Studio Solution File, Format Version 12.00
# Visual Studio Version 16
VisualStudioVersion = 16.0.30804.86
MinimumVisualStudioVersion = 10.0.40219.1
Project("{FAE04EC0-301F-11D3-BF4B-00C04F79EFBC}") = "RestaurantReviewSystem", "RestaurantReviewSystem\RestaurantReviewSystem.csproj", "{F2335A40-3C5B-48C2-8F88-3EB2702F3D05}"
EndProject
Project("{FAE04EC0-301F-11D3-BF4B-00C04F79EFBC}") = "RestaurantReviewHost", "RestaurantReviewHost\RestaurantReviewHost.csproj", "{6D996AE3-41FE-4FC2-84D2-068AD412A53C}"
EndProject
Project("{FAE04EC0-301F-11D3-BF4B-00C04F79EFBC}") = "RestaurantReviewSystem-WebClient", "RestaurantReviewSystem-WebClient\RestaurantReviewSystem-WebClient.csproj", "{3B627769-9251-4159-9CFA-9A28F2EBF9CF}"
EndProject
Global
	GlobalSection(SolutionConfigurationPlatforms) = preSolution
		Debug|Any CPU = Debug|Any CPU
		Release|Any CPU = Release|Any CPU
	EndGlobalSection
	GlobalSection(ProjectConfigurationPlatforms) = postSolution
		{F2335A40-3C5B-48C2-8F88-3EB2702F3D05}.Debug|Any CPU.ActiveCfg = Debug|Any CPU
		{F2335A40-3C5B-48C2-8F88-3EB2702F3D05}.Debug|Any CPU.Build.0 = Debug|Any CPU
		{F2335A40-3C5B-48C2-8F88-3EB2702F3D05}.Release|Any CPU.ActiveCfg = Release|Any CPU
		{F2335A40-3C5B-48C2-8F88-3EB2702F3D05}.Release|Any CPU.Build.0 = Release|Any CPU
		{6D996AE3-41FE-4FC2-84D2-068AD412A53C}.Debug|Any CPU.ActiveCfg = Debug|Any CPU
		{6D996AE3-41FE-4FC2-84D2-068AD412A53C}.Debug|Any CPU.Build.0 = Debug|Any CPU
		{6D996AE3-41FE-4FC2-84D2-068AD412A53C}.Release|Any CPU.ActiveCfg = Release|Any CPU
		{6D996AE3-41FE-4FC2-84D2-068AD412A53C}.Release|Any CPU.Build.0 = Release|Any CPU
		{3B627769-9251-4159-9CFA-9A28F2EBF9CF}.Debug|Any CPU.ActiveCfg = Debug|Any CPU
		{3B627769-9251-4159-9CFA-9A28F2EBF9CF}.Debug|Any CPU.Build.0 = Debug|Any CPU
		{3B627769-9251-4159-9CFA-9A28F2EBF9CF}.Release|Any CPU.ActiveCfg = Release|Any CPU
		{3B627769-9251-4159-9CFA-9A28F2EBF9CF}.Release|Any CPU.Build.0 = Release|Any CPU
	EndGlobalSection
	GlobalSection(SolutionProperties) = preSolution
		HideSolutionNode = FALSE
	EndGlobalSection
	GlobalSection(ExtensibilityGlobals) = postSolution
		SolutionGuid = {B45CCFCC-383C-4503-95D3-3E19B1C68C79}
	EndGlobalSection
EndGlobal
